
Microsoft Visual Studio Solution File, Format Version 12.00
# Visual Studio Version 17
VisualStudioVersion = 17.4.33122.133
MinimumVisualStudioVersion = 10.0.40219.1
Project("{2150E333-8FDC-42A3-9474-1A3956D46DE8}") = "src", "src", "{48C24E3D-444C-463C-9A58-BBBE36628354}"
EndProject
Project("{2150E333-8FDC-42A3-9474-1A3956D46DE8}") = "solution items", "solution items", "{1AE519E4-BFD0-4F33-81EC-6DDE4F31AAE2}"
	ProjectSection(SolutionItems) = preProject
		.editorconfig = .editorconfig
		.gitignore = .gitignore
		Directory.Build.props = Directory.Build.props
		LICENSE = LICENSE
		nuget.config = nuget.config
		version.json = version.json
	EndProjectSection
EndProject
Project("{9A19103F-16F7-4668-BE54-9A1E7A4F7556}") = "LoafThePenguin.Helpers", "src\LoafThePenguin.Helpers\LoafThePenguin.Helpers.csproj", "{5C11D257-7376-4957-87F1-18AE47EBB6B5}"
EndProject
Project("{2150E333-8FDC-42A3-9474-1A3956D46DE8}") = ".github", ".github", "{5E369AF1-BC20-4107-95D5-D5B2875D6751}"
	ProjectSection(SolutionItems) = preProject
		.github\dependabot.yml = .github\dependabot.yml
	EndProjectSection
EndProject
Project("{2150E333-8FDC-42A3-9474-1A3956D46DE8}") = "workflows", "workflows", "{6DE7ACE1-00C7-4367-822F-4EAC08F2C87C}"
	ProjectSection(SolutionItems) = preProject
		.github\workflows\PushPackage_ApiRequest.yml = .github\workflows\PushPackage_ApiRequest.yml
		.github\workflows\PushPackage_Helpers.yml = .github\workflows\PushPackage_Helpers.yml
		.github\workflows\PushPackage_Helpers_Extensions.yml = .github\workflows\PushPackage_Helpers_Extensions.yml
		.github\workflows\SonarCloud.yml = .github\workflows\SonarCloud.yml
	EndProjectSection
EndProject
Project("{2150E333-8FDC-42A3-9474-1A3956D46DE8}") = "tests", "tests", "{70510BC3-E7B4-43F9-AF02-590C099826B7}"
EndProject
Project("{9A19103F-16F7-4668-BE54-9A1E7A4F7556}") = "LoafThePenguin.Helpers.Tests", "tests\LoafThePenguin.Helpers.Tests\LoafThePenguin.Helpers.Tests.csproj", "{9C2A785E-C562-4B15-A084-B51CE263CE05}"
EndProject
Project("{2150E333-8FDC-42A3-9474-1A3956D46DE8}") = "Helpers", "Helpers", "{9E82A531-FB21-48BC-B43E-FE1601005DF2}"
EndProject
Project("{2150E333-8FDC-42A3-9474-1A3956D46DE8}") = "Helpers", "Helpers", "{AD4DDF6F-9BAC-4D2B-93BB-87BA41B9F791}"
EndProject
Project("{2150E333-8FDC-42A3-9474-1A3956D46DE8}") = "ApiRequest", "ApiRequest", "{8448B33C-541C-4BBC-80FA-D59BFFF734B0}"
EndProject
Project("{9A19103F-16F7-4668-BE54-9A1E7A4F7556}") = "LoafThePenguin.ApiRequest", "src\LoafThePenguin.ApiRequest\LoafThePenguin.ApiRequest.csproj", "{031D99AB-873A-42D0-ACCD-B7FA5E038438}"
EndProject
Project("{2150E333-8FDC-42A3-9474-1A3956D46DE8}") = "ApiRequest", "ApiRequest", "{5068C36D-0EF5-49C8-ADA0-4100E68677AE}"
EndProject
Project("{9A19103F-16F7-4668-BE54-9A1E7A4F7556}") = "LoafThePenguin.ApiRequest.Tests", "tests\LoafThePenguin.ApiRequest.Tests\LoafThePenguin.ApiRequest.Tests.csproj", "{92948540-C3DA-40FB-B421-FA41585DF739}"
EndProject
Project("{2150E333-8FDC-42A3-9474-1A3956D46DE8}") = "items", "items", "{5DD69578-6C74-4E54-966D-4E66EE1EAE91}"
	ProjectSection(SolutionItems) = preProject
		tests\Directory.Build.props = tests\Directory.Build.props
	EndProjectSection
EndProject
Project("{2150E333-8FDC-42A3-9474-1A3956D46DE8}") = "items", "items", "{57305DCA-15A9-4BA0-A547-D4D56E5D839B}"
	ProjectSection(SolutionItems) = preProject
		src\Directory.Build.props = src\Directory.Build.props
	EndProjectSection
EndProject
Project("{9A19103F-16F7-4668-BE54-9A1E7A4F7556}") = "LoafThePenguin.Helpers.Extensions", "src\LoafThePenguin.Helpers.Extensions\LoafThePenguin.Helpers.Extensions.csproj", "{C9ED2614-FEBE-4F51-8DA6-2BE1DD6F42DE}"
EndProject
Project("{9A19103F-16F7-4668-BE54-9A1E7A4F7556}") = "LoafThePenguin.Helpers.Extensions.Tests", "tests\LoafThePenguin.Helpers.Extensions.Tests\LoafThePenguin.Helpers.Extensions.Tests.csproj", "{F45CA9DF-9869-4FC0-96AF-EA562BF2BE19}"
EndProject
Global
	GlobalSection(SolutionConfigurationPlatforms) = preSolution
		Debug|Any CPU = Debug|Any CPU
		Release|Any CPU = Release|Any CPU
	EndGlobalSection
	GlobalSection(ProjectConfigurationPlatforms) = postSolution
		{5C11D257-7376-4957-87F1-18AE47EBB6B5}.Debug|Any CPU.ActiveCfg = Debug|Any CPU
		{5C11D257-7376-4957-87F1-18AE47EBB6B5}.Debug|Any CPU.Build.0 = Debug|Any CPU
		{5C11D257-7376-4957-87F1-18AE47EBB6B5}.Release|Any CPU.ActiveCfg = Release|Any CPU
		{5C11D257-7376-4957-87F1-18AE47EBB6B5}.Release|Any CPU.Build.0 = Release|Any CPU
		{9C2A785E-C562-4B15-A084-B51CE263CE05}.Debug|Any CPU.ActiveCfg = Debug|Any CPU
		{9C2A785E-C562-4B15-A084-B51CE263CE05}.Debug|Any CPU.Build.0 = Debug|Any CPU
		{9C2A785E-C562-4B15-A084-B51CE263CE05}.Release|Any CPU.ActiveCfg = Release|Any CPU
		{9C2A785E-C562-4B15-A084-B51CE263CE05}.Release|Any CPU.Build.0 = Release|Any CPU
		{031D99AB-873A-42D0-ACCD-B7FA5E038438}.Debug|Any CPU.ActiveCfg = Debug|Any CPU
		{031D99AB-873A-42D0-ACCD-B7FA5E038438}.Debug|Any CPU.Build.0 = Debug|Any CPU
		{031D99AB-873A-42D0-ACCD-B7FA5E038438}.Release|Any CPU.ActiveCfg = Release|Any CPU
		{031D99AB-873A-42D0-ACCD-B7FA5E038438}.Release|Any CPU.Build.0 = Release|Any CPU
		{92948540-C3DA-40FB-B421-FA41585DF739}.Debug|Any CPU.ActiveCfg = Debug|Any CPU
		{92948540-C3DA-40FB-B421-FA41585DF739}.Debug|Any CPU.Build.0 = Debug|Any CPU
		{92948540-C3DA-40FB-B421-FA41585DF739}.Release|Any CPU.ActiveCfg = Release|Any CPU
		{92948540-C3DA-40FB-B421-FA41585DF739}.Release|Any CPU.Build.0 = Release|Any CPU
		{C9ED2614-FEBE-4F51-8DA6-2BE1DD6F42DE}.Debug|Any CPU.ActiveCfg = Debug|Any CPU
		{C9ED2614-FEBE-4F51-8DA6-2BE1DD6F42DE}.Debug|Any CPU.Build.0 = Debug|Any CPU
		{C9ED2614-FEBE-4F51-8DA6-2BE1DD6F42DE}.Release|Any CPU.ActiveCfg = Release|Any CPU
		{C9ED2614-FEBE-4F51-8DA6-2BE1DD6F42DE}.Release|Any CPU.Build.0 = Release|Any CPU
		{F45CA9DF-9869-4FC0-96AF-EA562BF2BE19}.Debug|Any CPU.ActiveCfg = Debug|Any CPU
		{F45CA9DF-9869-4FC0-96AF-EA562BF2BE19}.Debug|Any CPU.Build.0 = Debug|Any CPU
		{F45CA9DF-9869-4FC0-96AF-EA562BF2BE19}.Release|Any CPU.ActiveCfg = Release|Any CPU
		{F45CA9DF-9869-4FC0-96AF-EA562BF2BE19}.Release|Any CPU.Build.0 = Release|Any CPU
	EndGlobalSection
	GlobalSection(SolutionProperties) = preSolution
		HideSolutionNode = FALSE
	EndGlobalSection
	GlobalSection(NestedProjects) = preSolution
		{5C11D257-7376-4957-87F1-18AE47EBB6B5} = {9E82A531-FB21-48BC-B43E-FE1601005DF2}
		{6DE7ACE1-00C7-4367-822F-4EAC08F2C87C} = {5E369AF1-BC20-4107-95D5-D5B2875D6751}
		{9C2A785E-C562-4B15-A084-B51CE263CE05} = {AD4DDF6F-9BAC-4D2B-93BB-87BA41B9F791}
		{9E82A531-FB21-48BC-B43E-FE1601005DF2} = {48C24E3D-444C-463C-9A58-BBBE36628354}
		{AD4DDF6F-9BAC-4D2B-93BB-87BA41B9F791} = {70510BC3-E7B4-43F9-AF02-590C099826B7}
		{8448B33C-541C-4BBC-80FA-D59BFFF734B0} = {48C24E3D-444C-463C-9A58-BBBE36628354}
		{031D99AB-873A-42D0-ACCD-B7FA5E038438} = {8448B33C-541C-4BBC-80FA-D59BFFF734B0}
		{5068C36D-0EF5-49C8-ADA0-4100E68677AE} = {70510BC3-E7B4-43F9-AF02-590C099826B7}
		{92948540-C3DA-40FB-B421-FA41585DF739} = {5068C36D-0EF5-49C8-ADA0-4100E68677AE}
		{5DD69578-6C74-4E54-966D-4E66EE1EAE91} = {70510BC3-E7B4-43F9-AF02-590C099826B7}
		{57305DCA-15A9-4BA0-A547-D4D56E5D839B} = {48C24E3D-444C-463C-9A58-BBBE36628354}
		{C9ED2614-FEBE-4F51-8DA6-2BE1DD6F42DE} = {9E82A531-FB21-48BC-B43E-FE1601005DF2}
		{F45CA9DF-9869-4FC0-96AF-EA562BF2BE19} = {AD4DDF6F-9BAC-4D2B-93BB-87BA41B9F791}
	EndGlobalSection
	GlobalSection(ExtensibilityGlobals) = postSolution
		SolutionGuid = {9F2B7F69-3C5E-4A4C-8499-1FB9081618B7}
	EndGlobalSection
EndGlobal
