
Microsoft Visual Studio Solution File, Format Version 12.00
# Visual Studio Version 17
VisualStudioVersion = 17.4.33122.133
MinimumVisualStudioVersion = 10.0.40219.1
Project("{2150E333-8FDC-42A3-9474-1A3956D46DE8}") = "src", "src", "{48C24E3D-444C-463C-9A58-BBBE36628354}"
EndProject
Project("{2150E333-8FDC-42A3-9474-1A3956D46DE8}") = "solution items", "solution items", "{1AE519E4-BFD0-4F33-81EC-6DDE4F31AAE2}"
	ProjectSection(SolutionItems) = preProject
		.editorconfig = .editorconfig
		.gitignore = .gitignore
		Directory.Build.props = Directory.Build.props
		LICENSE = LICENSE
		nuget.config = nuget.config
		version.json = version.json
	EndProjectSection
EndProject
Project("{9A19103F-16F7-4668-BE54-9A1E7A4F7556}") = "LoafThePenguin.Helpers", "src\LoafThePenguin.Helpers\LoafThePenguin.Helpers.csproj", "{5C11D257-7376-4957-87F1-18AE47EBB6B5}"
EndProject
Project("{2150E333-8FDC-42A3-9474-1A3956D46DE8}") = ".github", ".github", "{5E369AF1-BC20-4107-95D5-D5B2875D6751}"
	ProjectSection(SolutionItems) = preProject
		.github\dependabot.yml = .github\dependabot.yml
	EndProjectSection
EndProject
Project("{2150E333-8FDC-42A3-9474-1A3956D46DE8}") = "workflows", "workflows", "{6DE7ACE1-00C7-4367-822F-4EAC08F2C87C}"
	ProjectSection(SolutionItems) = preProject
		.github\workflows\SonarCloud.yml = .github\workflows\SonarCloud.yml
		.github\workflows\PushPackage_Helpers.yml = .github\workflows\PushPackage_Helpers.yml
	EndProjectSection
EndProject
Project("{2150E333-8FDC-42A3-9474-1A3956D46DE8}") = "tests", "tests", "{70510BC3-E7B4-43F9-AF02-590C099826B7}"
EndProject
Project("{9A19103F-16F7-4668-BE54-9A1E7A4F7556}") = "LoafThePenguin.Helpers.Tests", "tests\LoafThePenguin.Helpers.Tests\LoafThePenguin.Helpers.Tests.csproj", "{9C2A785E-C562-4B15-A084-B51CE263CE05}"
EndProject
Project("{2150E333-8FDC-42A3-9474-1A3956D46DE8}") = "Helpers", "Helpers", "{9E82A531-FB21-48BC-B43E-FE1601005DF2}"
EndProject
Project("{2150E333-8FDC-42A3-9474-1A3956D46DE8}") = "Helpers", "Helpers", "{AD4DDF6F-9BAC-4D2B-93BB-87BA41B9F791}"
EndProject
Global
	GlobalSection(SolutionConfigurationPlatforms) = preSolution
		Debug|Any CPU = Debug|Any CPU
		Release|Any CPU = Release|Any CPU
	EndGlobalSection
	GlobalSection(ProjectConfigurationPlatforms) = postSolution
		{5C11D257-7376-4957-87F1-18AE47EBB6B5}.Debug|Any CPU.ActiveCfg = Debug|Any CPU
		{5C11D257-7376-4957-87F1-18AE47EBB6B5}.Debug|Any CPU.Build.0 = Debug|Any CPU
		{5C11D257-7376-4957-87F1-18AE47EBB6B5}.Release|Any CPU.ActiveCfg = Release|Any CPU
		{5C11D257-7376-4957-87F1-18AE47EBB6B5}.Release|Any CPU.Build.0 = Release|Any CPU
		{9C2A785E-C562-4B15-A084-B51CE263CE05}.Debug|Any CPU.ActiveCfg = Debug|Any CPU
		{9C2A785E-C562-4B15-A084-B51CE263CE05}.Debug|Any CPU.Build.0 = Debug|Any CPU
		{9C2A785E-C562-4B15-A084-B51CE263CE05}.Release|Any CPU.ActiveCfg = Release|Any CPU
		{9C2A785E-C562-4B15-A084-B51CE263CE05}.Release|Any CPU.Build.0 = Release|Any CPU
	EndGlobalSection
	GlobalSection(SolutionProperties) = preSolution
		HideSolutionNode = FALSE
	EndGlobalSection
	GlobalSection(NestedProjects) = preSolution
		{5C11D257-7376-4957-87F1-18AE47EBB6B5} = {9E82A531-FB21-48BC-B43E-FE1601005DF2}
		{6DE7ACE1-00C7-4367-822F-4EAC08F2C87C} = {5E369AF1-BC20-4107-95D5-D5B2875D6751}
		{9C2A785E-C562-4B15-A084-B51CE263CE05} = {AD4DDF6F-9BAC-4D2B-93BB-87BA41B9F791}
		{9E82A531-FB21-48BC-B43E-FE1601005DF2} = {48C24E3D-444C-463C-9A58-BBBE36628354}
		{AD4DDF6F-9BAC-4D2B-93BB-87BA41B9F791} = {70510BC3-E7B4-43F9-AF02-590C099826B7}
	EndGlobalSection
	GlobalSection(ExtensibilityGlobals) = postSolution
		SolutionGuid = {9F2B7F69-3C5E-4A4C-8499-1FB9081618B7}
	EndGlobalSection
EndGlobal
